// !$*UTF8*$!
{
	archiveVersion = 1;
	classes = {
	};
	objectVersion = 77;
	objects = {

/* Begin PBXContainerItemProxy section */
		58478CA12E2A1C0A0065BFDA /* PBXContainerItemProxy */ = {
			isa = PBXContainerItemProxy;
			containerPortal = 58478C872E2A1C090065BFDA /* Project object */;
			proxyType = 1;
			remoteGlobalIDString = 58478C8E2E2A1C090065BFDA;
			remoteInfo = TextScanner;
		};
		58478CAB2E2A1C0A0065BFDA /* PBXContainerItemProxy */ = {
			isa = PBXContainerItemProxy;
			containerPortal = 58478C872E2A1C090065BFDA /* Project object */;
			proxyType = 1;
			remoteGlobalIDString = 58478C8E2E2A1C090065BFDA;
			remoteInfo = TextScanner;
		};
/* End PBXContainerItemProxy section */

/* Begin PBXFileReference section */
		58478C8F2E2A1C090065BFDA /* TextScanner.app */ = {isa = PBXFileReference; explicitFileType = wrapper.application; includeInIndex = 0; path = TextScanner.app; sourceTree = BUILT_PRODUCTS_DIR; };
		58478CA02E2A1C0A0065BFDA /* TextScannerTests.xctest */ = {isa = PBXFileReference; explicitFileType = wrapper.cfbundle; includeInIndex = 0; path = TextScannerTests.xctest; sourceTree = BUILT_PRODUCTS_DIR; };
		58478CAA2E2A1C0A0065BFDA /* TextScannerUITests.xctest */ = {isa = PBXFileReference; explicitFileType = wrapper.cfbundle; includeInIndex = 0; path = TextScannerUITests.xctest; sourceTree = BUILT_PRODUCTS_DIR; };
/* End PBXFileReference section */

/* Begin PBXFileSystemSynchronizedRootGroup section */
		58478C912E2A1C090065BFDA /* TextScanner */ = {
			isa = PBXFileSystemSynchronizedRootGroup;
			path = TextScanner;
			sourceTree = "<group>";
		};
		58478CA32E2A1C0A0065BFDA /* TextScannerTests */ = {
			isa = PBXFileSystemSynchronizedRootGroup;
			path = TextScannerTests;
			sourceTree = "<group>";
		};
		58478CAD2E2A1C0A0065BFDA /* TextScannerUITests */ = {
			isa = PBXFileSystemSynchronizedRootGroup;
			path = TextScannerUITests;
			sourceTree = "<group>";
		};
/* End PBXFileSystemSynchronizedRootGroup section */

/* Begin PBXFrameworksBuildPhase section */
		58478C8C2E2A1C090065BFDA /* Frameworks */ = {
			isa = PBXFrameworksBuildPhase;
			buildActionMask = 2147483647;
			files = (
			);
			runOnlyForDeploymentPostprocessing = 0;
		};
		58478C9D2E2A1C0A0065BFDA /* Frameworks */ = {
			isa = PBXFrameworksBuildPhase;
			buildActionMask = 2147483647;
			files = (
			);
			runOnlyForDeploymentPostprocessing = 0;
		};
		58478CA72E2A1C0A0065BFDA /* Frameworks */ = {
			isa = PBXFrameworksBuildPhase;
			buildActionMask = 2147483647;
			files = (
			);
			runOnlyForDeploymentPostprocessing = 0;
		};
/* End PBXFrameworksBuildPhase section */

/* Begin PBXGroup section */
		58478C862E2A1C090065BFDA = {
			isa = PBXGroup;
			children = (
				58478C912E2A1C090065BFDA /* TextScanner */,
				58478CA32E2A1C0A0065BFDA /* TextScannerTests */,
				58478CAD2E2A1C0A0065BFDA /* TextScannerUITests */,
				58478C902E2A1C090065BFDA /* Products */,
			);
			sourceTree = "<group>";
		};
		58478C902E2A1C090065BFDA /* Products */ = {
			isa = PBXGroup;
			children = (
				58478C8F2E2A1C090065BFDA /* TextScanner.app */,
				58478CA02E2A1C0A0065BFDA /* TextScannerTests.xctest */,
				58478CAA2E2A1C0A0065BFDA /* TextScannerUITests.xctest */,
			);
			name = Products;
			sourceTree = "<group>";
		};
/* End PBXGroup section */

/* Begin PBXNativeTarget section */
		58478C8E2E2A1C090065BFDA /* TextScanner */ = {
			isa = PBXNativeTarget;
			buildConfigurationList = 58478CB42E2A1C0A0065BFDA /* Build configuration list for PBXNativeTarget "TextScanner" */;
			buildPhases = (
				58478C8B2E2A1C090065BFDA /* Sources */,
				58478C8C2E2A1C090065BFDA /* Frameworks */,
				58478C8D2E2A1C090065BFDA /* Resources */,
			);
			buildRules = (
			);
			dependencies = (
			);
			fileSystemSynchronizedGroups = (
				58478C912E2A1C090065BFDA /* TextScanner */,
			);
			name = TextScanner;
			packageProductDependencies = (
			);
			productName = TextScanner;
			productReference = 58478C8F2E2A1C090065BFDA /* TextScanner.app */;
			productType = "com.apple.product-type.application";
		};
		58478C9F2E2A1C0A0065BFDA /* TextScannerTests */ = {
			isa = PBXNativeTarget;
			buildConfigurationList = 58478CB72E2A1C0A0065BFDA /* Build configuration list for PBXNativeTarget "TextScannerTests" */;
			buildPhases = (
				58478C9C2E2A1C0A0065BFDA /* Sources */,
				58478C9D2E2A1C0A0065BFDA /* Frameworks */,
				58478C9E2E2A1C0A0065BFDA /* Resources */,
			);
			buildRules = (
			);
			dependencies = (
				58478CA22E2A1C0A0065BFDA /* PBXTargetDependency */,
			);
			fileSystemSynchronizedGroups = (
				58478CA32E2A1C0A0065BFDA /* TextScannerTests */,
			);
			name = TextScannerTests;
			packageProductDependencies = (
			);
			productName = TextScannerTests;
			productReference = 58478CA02E2A1C0A0065BFDA /* TextScannerTests.xctest */;
			productType = "com.apple.product-type.bundle.unit-test";
		};
		58478CA92E2A1C0A0065BFDA /* TextScannerUITests */ = {
			isa = PBXNativeTarget;
			buildConfigurationList = 58478CBA2E2A1C0A0065BFDA /* Build configuration list for PBXNativeTarget "TextScannerUITests" */;
			buildPhases = (
				58478CA62E2A1C0A0065BFDA /* Sources */,
				58478CA72E2A1C0A0065BFDA /* Frameworks */,
				58478CA82E2A1C0A0065BFDA /* Resources */,
			);
			buildRules = (
			);
			dependencies = (
				58478CAC2E2A1C0A0065BFDA /* PBXTargetDependency */,
			);
			fileSystemSynchronizedGroups = (
				58478CAD2E2A1C0A0065BFDA /* TextScannerUITests */,
			);
			name = TextScannerUITests;
			packageProductDependencies = (
			);
			productName = TextScannerUITests;
			productReference = 58478CAA2E2A1C0A0065BFDA /* TextScannerUITests.xctest */;
			productType = "com.apple.product-type.bundle.ui-testing";
		};
/* End PBXNativeTarget section */

/* Begin PBXProject section */
		58478C872E2A1C090065BFDA /* Project object */ = {
			isa = PBXProject;
			attributes = {
				BuildIndependentTargetsInParallel = 1;
				LastSwiftUpdateCheck = 1620;
				LastUpgradeCheck = 1620;
				TargetAttributes = {
					58478C8E2E2A1C090065BFDA = {
						CreatedOnToolsVersion = 16.2;
					};
					58478C9F2E2A1C0A0065BFDA = {
						CreatedOnToolsVersion = 16.2;
						TestTargetID = 58478C8E2E2A1C090065BFDA;
					};
					58478CA92E2A1C0A0065BFDA = {
						CreatedOnToolsVersion = 16.2;
						TestTargetID = 58478C8E2E2A1C090065BFDA;
					};
				};
			};
			buildConfigurationList = 58478C8A2E2A1C090065BFDA /* Build configuration list for PBXProject "TextScanner" */;
			developmentRegion = en;
			hasScannedForEncodings = 0;
			knownRegions = (
				en,
				Base,
			);
			mainGroup = 58478C862E2A1C090065BFDA;
			minimizedProjectReferenceProxies = 1;
			preferredProjectObjectVersion = 77;
			productRefGroup = 58478C902E2A1C090065BFDA /* Products */;
			projectDirPath = "";
			projectRoot = "";
			targets = (
				58478C8E2E2A1C090065BFDA /* TextScanner */,
				58478C9F2E2A1C0A0065BFDA /* TextScannerTests */,
				58478CA92E2A1C0A0065BFDA /* TextScannerUITests */,
			);
		};
/* End PBXProject section */

/* Begin PBXResourcesBuildPhase section */
		58478C8D2E2A1C090065BFDA /* Resources */ = {
			isa = PBXResourcesBuildPhase;
			buildActionMask = 2147483647;
			files = (
			);
			runOnlyForDeploymentPostprocessing = 0;
		};
		58478C9E2E2A1C0A0065BFDA /* Resources */ = {
			isa = PBXResourcesBuildPhase;
			buildActionMask = 2147483647;
			files = (
			);
			runOnlyForDeploymentPostprocessing = 0;
		};
		58478CA82E2A1C0A0065BFDA /* Resources */ = {
			isa = PBXResourcesBuildPhase;
			buildActionMask = 2147483647;
			files = (
			);
			runOnlyForDeploymentPostprocessing = 0;
		};
/* End PBXResourcesBuildPhase section */

/* Begin PBXSourcesBuildPhase section */
		58478C8B2E2A1C090065BFDA /* Sources */ = {
			isa = PBXSourcesBuildPhase;
			buildActionMask = 2147483647;
			files = (
			);
			runOnlyForDeploymentPostprocessing = 0;
		};
		58478C9C2E2A1C0A0065BFDA /* Sources */ = {
			isa = PBXSourcesBuildPhase;
			buildActionMask = 2147483647;
			files = (
			);
			runOnlyForDeploymentPostprocessing = 0;
		};
		58478CA62E2A1C0A0065BFDA /* Sources */ = {
			isa = PBXSourcesBuildPhase;
			buildActionMask = 2147483647;
			files = (
			);
			runOnlyForDeploymentPostprocessing = 0;
		};
/* End PBXSourcesBuildPhase section */

/* Begin PBXTargetDependency section */
		58478CA22E2A1C0A0065BFDA /* PBXTargetDependency */ = {
			isa = PBXTargetDependency;
			target = 58478C8E2E2A1C090065BFDA /* TextScanner */;
			targetProxy = 58478CA12E2A1C0A0065BFDA /* PBXContainerItemProxy */;
		};
		58478CAC2E2A1C0A0065BFDA /* PBXTargetDependency */ = {
			isa = PBXTargetDependency;
			target = 58478C8E2E2A1C090065BFDA /* TextScanner */;
			targetProxy = 58478CAB2E2A1C0A0065BFDA /* PBXContainerItemProxy */;
		};
/* End PBXTargetDependency section */

/* Begin XCBuildConfiguration section */
		58478CB22E2A1C0A0065BFDA /* Debug */ = {
			isa = XCBuildConfiguration;
			buildSettings = {
				ALWAYS_SEARCH_USER_PATHS = NO;
				ASSETCATALOG_COMPILER_GENERATE_SWIFT_ASSET_SYMBOL_EXTENSIONS = YES;
				CLANG_ANALYZER_NONNULL = YES;
				CLANG_ANALYZER_NUMBER_OBJECT_CONVERSION = YES_AGGRESSIVE;
				CLANG_CXX_LANGUAGE_STANDARD = "gnu++20";
				CLANG_ENABLE_MODULES = YES;
				CLANG_ENABLE_OBJC_ARC = YES;
				CLANG_ENABLE_OBJC_WEAK = YES;
				CLANG_WARN_BLOCK_CAPTURE_AUTORELEASING = YES;
				CLANG_WARN_BOOL_CONVERSION = YES;
				CLANG_WARN_COMMA = YES;
				CLANG_WARN_CONSTANT_CONVERSION = YES;
				CLANG_WARN_DEPRECATED_OBJC_IMPLEMENTATIONS = YES;
				CLANG_WARN_DIRECT_OBJC_ISA_USAGE = YES_ERROR;
				CLANG_WARN_DOCUMENTATION_COMMENTS = YES;
				CLANG_WARN_EMPTY_BODY = YES;
				CLANG_WARN_ENUM_CONVERSION = YES;
				CLANG_WARN_INFINITE_RECURSION = YES;
				CLANG_WARN_INT_CONVERSION = YES;
				CLANG_WARN_NON_LITERAL_NULL_CONVERSION = YES;
				CLANG_WARN_OBJC_IMPLICIT_RETAIN_SELF = YES;
				CLANG_WARN_OBJC_LITERAL_CONVERSION = YES;
				CLANG_WARN_OBJC_ROOT_CLASS = YES_ERROR;
				CLANG_WARN_QUOTED_INCLUDE_IN_FRAMEWORK_HEADER = YES;
				CLANG_WARN_RANGE_LOOP_ANALYSIS = YES;
				CLANG_WARN_STRICT_PROTOTYPES = YES;
				CLANG_WARN_SUSPICIOUS_MOVE = YES;
				CLANG_WARN_UNGUARDED_AVAILABILITY = YES_AGGRESSIVE;
				CLANG_WARN_UNREACHABLE_CODE = YES;
				CLANG_WARN__DUPLICATE_METHOD_MATCH = YES;
				COPY_PHASE_STRIP = NO;
				DEBUG_INFORMATION_FORMAT = dwarf;
				ENABLE_STRICT_OBJC_MSGSEND = YES;
				ENABLE_TESTABILITY = YES;
				ENABLE_USER_SCRIPT_SANDBOXING = YES;
				GCC_C_LANGUAGE_STANDARD = gnu17;
				GCC_DYNAMIC_NO_PIC = NO;
				GCC_NO_COMMON_BLOCKS = YES;
				GCC_OPTIMIZATION_LEVEL = 0;
				GCC_PREPROCESSOR_DEFINITIONS = (
					"DEBUG=1",
					"$(inherited)",
				);
				GCC_WARN_64_TO_32_BIT_CONVERSION = YES;
				GCC_WARN_ABOUT_RETURN_TYPE = YES_ERROR;
				GCC_WARN_UNDECLARED_SELECTOR = YES;
				GCC_WARN_UNINITIALIZED_AUTOS = YES_AGGRESSIVE;
				GCC_WARN_UNUSED_FUNCTION = YES;
				GCC_WARN_UNUSED_VARIABLE = YES;
				LOCALIZATION_PREFERS_STRING_CATALOGS = YES;
				MACOSX_DEPLOYMENT_TARGET = 15.2;
				MTL_ENABLE_DEBUG_INFO = INCLUDE_SOURCE;
				MTL_FAST_MATH = YES;
				ONLY_ACTIVE_ARCH = YES;
				SDKROOT = macosx;
				SWIFT_ACTIVE_COMPILATION_CONDITIONS = "DEBUG $(inherited)";
				SWIFT_OPTIMIZATION_LEVEL = "-Onone";
			};
			name = Debug;
		};
		58478CB32E2A1C0A0065BFDA /* Release */ = {
			isa = XCBuildConfiguration;
			buildSettings = {
				ALWAYS_SEARCH_USER_PATHS = NO;
				ASSETCATALOG_COMPILER_GENERATE_SWIFT_ASSET_SYMBOL_EXTENSIONS = YES;
				CLANG_ANALYZER_NONNULL = YES;
				CLANG_ANALYZER_NUMBER_OBJECT_CONVERSION = YES_AGGRESSIVE;
				CLANG_CXX_LANGUAGE_STANDARD = "gnu++20";
				CLANG_ENABLE_MODULES = YES;
				CLANG_ENABLE_OBJC_ARC = YES;
				CLANG_ENABLE_OBJC_WEAK = YES;
				CLANG_WARN_BLOCK_CAPTURE_AUTORELEASING = YES;
				CLANG_WARN_BOOL_CONVERSION = YES;
				CLANG_WARN_COMMA = YES;
				CLANG_WARN_CONSTANT_CONVERSION = YES;
				CLANG_WARN_DEPRECATED_OBJC_IMPLEMENTATIONS = YES;
				CLANG_WARN_DIRECT_OBJC_ISA_USAGE = YES_ERROR;
				CLANG_WARN_DOCUMENTATION_COMMENTS = YES;
				CLANG_WARN_EMPTY_BODY = YES;
				CLANG_WARN_ENUM_CONVERSION = YES;
				CLANG_WARN_INFINITE_RECURSION = YES;
				CLANG_WARN_INT_CONVERSION = YES;
				CLANG_WARN_NON_LITERAL_NULL_CONVERSION = YES;
				CLANG_WARN_OBJC_IMPLICIT_RETAIN_SELF = YES;
				CLANG_WARN_OBJC_LITERAL_CONVERSION = YES;
				CLANG_WARN_OBJC_ROOT_CLASS = YES_ERROR;
				CLANG_WARN_QUOTED_INCLUDE_IN_FRAMEWORK_HEADER = YES;
				CLANG_WARN_RANGE_LOOP_ANALYSIS = YES;
				CLANG_WARN_STRICT_PROTOTYPES = YES;
				CLANG_WARN_SUSPICIOUS_MOVE = YES;
				CLANG_WARN_UNGUARDED_AVAILABILITY = YES_AGGRESSIVE;
				CLANG_WARN_UNREACHABLE_CODE = YES;
				CLANG_WARN__DUPLICATE_METHOD_MATCH = YES;
				COPY_PHASE_STRIP = NO;
				DEBUG_INFORMATION_FORMAT = "dwarf-with-dsym";
				ENABLE_NS_ASSERTIONS = NO;
				ENABLE_STRICT_OBJC_MSGSEND = YES;
				ENABLE_USER_SCRIPT_SANDBOXING = YES;
				GCC_C_LANGUAGE_STANDARD = gnu17;
				GCC_NO_COMMON_BLOCKS = YES;
				GCC_WARN_64_TO_32_BIT_CONVERSION = YES;
				GCC_WARN_ABOUT_RETURN_TYPE = YES_ERROR;
				GCC_WARN_UNDECLARED_SELECTOR = YES;
				GCC_WARN_UNINITIALIZED_AUTOS = YES_AGGRESSIVE;
				GCC_WARN_UNUSED_FUNCTION = YES;
				GCC_WARN_UNUSED_VARIABLE = YES;
				LOCALIZATION_PREFERS_STRING_CATALOGS = YES;
				MACOSX_DEPLOYMENT_TARGET = 15.2;
				MTL_ENABLE_DEBUG_INFO = NO;
				MTL_FAST_MATH = YES;
				SDKROOT = macosx;
				SWIFT_COMPILATION_MODE = wholemodule;
			};
			name = Release;
		};
		58478CB52E2A1C0A0065BFDA /* Debug */ = {
			isa = XCBuildConfiguration;
			buildSettings = {
				ASSETCATALOG_COMPILER_APPICON_NAME = AppIcon;
				ASSETCATALOG_COMPILER_GLOBAL_ACCENT_COLOR_NAME = AccentColor;
				CODE_SIGN_ENTITLEMENTS = TextScanner/TextScanner.entitlements;
				CODE_SIGN_STYLE = Automatic;
				COMBINE_HIDPI_IMAGES = YES;
				CURRENT_PROJECT_VERSION = 1;
				DEVELOPMENT_ASSET_PATHS = "\"TextScanner/Preview Content\"";
				ENABLE_PREVIEWS = YES;
				GENERATE_INFOPLIST_FILE = YES;
				INFOPLIST_KEY_NSHumanReadableCopyright = "";
				LD_RUNPATH_SEARCH_PATHS = (
					"$(inherited)",
					"@executable_path/../Frameworks",
				);
				MARKETING_VERSION = 1.0;
				PRODUCT_BUNDLE_IDENTIFIER = sunxiaojian.TextScanner;
				PRODUCT_NAME = "$(TARGET_NAME)";
				SWIFT_EMIT_LOC_STRINGS = YES;
				SWIFT_VERSION = 5.0;
			};
			name = Debug;
		};
		58478CB62E2A1C0A0065BFDA /* Release */ = {
			isa = XCBuildConfiguration;
			buildSettings = {
				ASSETCATALOG_COMPILER_APPICON_NAME = AppIcon;
				ASSETCATALOG_COMPILER_GLOBAL_ACCENT_COLOR_NAME = AccentColor;
				CODE_SIGN_ENTITLEMENTS = TextScanner/TextScanner.entitlements;
				CODE_SIGN_STYLE = Automatic;
				COMBINE_HIDPI_IMAGES = YES;
				CURRENT_PROJECT_VERSION = 1;
				DEVELOPMENT_ASSET_PATHS = "\"TextScanner/Preview Content\"";
				ENABLE_PREVIEWS = YES;
				GENERATE_INFOPLIST_FILE = YES;
				INFOPLIST_KEY_NSHumanReadableCopyright = "";
				LD_RUNPATH_SEARCH_PATHS = (
					"$(inherited)",
					"@executable_path/../Frameworks",
				);
				MARKETING_VERSION = 1.0;
				PRODUCT_BUNDLE_IDENTIFIER = sunxiaojian.TextScanner;
				PRODUCT_NAME = "$(TARGET_NAME)";
				SWIFT_EMIT_LOC_STRINGS = YES;
				SWIFT_VERSION = 5.0;
			};
			name = Release;
		};
		58478CB82E2A1C0A0065BFDA /* Debug */ = {
			isa = XCBuildConfiguration;
			buildSettings = {
				BUNDLE_LOADER = "$(TEST_HOST)";
				CODE_SIGN_STYLE = Automatic;
				CURRENT_PROJECT_VERSION = 1;
				GENERATE_INFOPLIST_FILE = YES;
				MACOSX_DEPLOYMENT_TARGET = 15.2;
				MARKETING_VERSION = 1.0;
				PRODUCT_BUNDLE_IDENTIFIER = sunxiaojian.TextScannerTests;
				PRODUCT_NAME = "$(TARGET_NAME)";
				SWIFT_EMIT_LOC_STRINGS = NO;
				SWIFT_VERSION = 5.0;
				TEST_HOST = "$(BUILT_PRODUCTS_DIR)/TextScanner.app/$(BUNDLE_EXECUTABLE_FOLDER_PATH)/TextScanner";
			};
			name = Debug;
		};
		58478CB92E2A1C0A0065BFDA /* Release */ = {
			isa = XCBuildConfiguration;
			buildSettings = {
				BUNDLE_LOADER = "$(TEST_HOST)";
				CODE_SIGN_STYLE = Automatic;
				CURRENT_PROJECT_VERSION = 1;
				GENERATE_INFOPLIST_FILE = YES;
				MACOSX_DEPLOYMENT_TARGET = 15.2;
				MARKETING_VERSION = 1.0;
				PRODUCT_BUNDLE_IDENTIFIER = sunxiaojian.TextScannerTests;
				PRODUCT_NAME = "$(TARGET_NAME)";
				SWIFT_EMIT_LOC_STRINGS = NO;
				SWIFT_VERSION = 5.0;
				TEST_HOST = "$(BUILT_PRODUCTS_DIR)/TextScanner.app/$(BUNDLE_EXECUTABLE_FOLDER_PATH)/TextScanner";
			};
			name = Release;
		};
		58478CBB2E2A1C0A0065BFDA /* Debug */ = {
			isa = XCBuildConfiguration;
			buildSettings = {
				CODE_SIGN_STYLE = Automatic;
				CURRENT_PROJECT_VERSION = 1;
				GENERATE_INFOPLIST_FILE = YES;
				MARKETING_VERSION = 1.0;
				PRODUCT_BUNDLE_IDENTIFIER = sunxiaojian.TextScannerUITests;
				PRODUCT_NAME = "$(TARGET_NAME)";
				SWIFT_EMIT_LOC_STRINGS = NO;
				SWIFT_VERSION = 5.0;
				TEST_TARGET_NAME = TextScanner;
			};
			name = Debug;
		};
		58478CBC2E2A1C0A0065BFDA /* Release */ = {
			isa = XCBuildConfiguration;
			buildSettings = {
				CODE_SIGN_STYLE = Automatic;
				CURRENT_PROJECT_VERSION = 1;
				GENERATE_INFOPLIST_FILE = YES;
				MARKETING_VERSION = 1.0;
				PRODUCT_BUNDLE_IDENTIFIER = sunxiaojian.TextScannerUITests;
				PRODUCT_NAME = "$(TARGET_NAME)";
				SWIFT_EMIT_LOC_STRINGS = NO;
				SWIFT_VERSION = 5.0;
				TEST_TARGET_NAME = TextScanner;
			};
			name = Release;
		};
/* End XCBuildConfiguration section */

/* Begin XCConfigurationList section */
		58478C8A2E2A1C090065BFDA /* Build configuration list for PBXProject "TextScanner" */ = {
			isa = XCConfigurationList;
			buildConfigurations = (
				58478CB22E2A1C0A0065BFDA /* Debug */,
				58478CB32E2A1C0A0065BFDA /* Release */,
			);
			defaultConfigurationIsVisible = 0;
			defaultConfigurationName = Release;
		};
		58478CB42E2A1C0A0065BFDA /* Build configuration list for PBXNativeTarget "TextScanner" */ = {
			isa = XCConfigurationList;
			buildConfigurations = (
				58478CB52E2A1C0A0065BFDA /* Debug */,
				58478CB62E2A1C0A0065BFDA /* Release */,
			);
			defaultConfigurationIsVisible = 0;
			defaultConfigurationName = Release;
		};
		58478CB72E2A1C0A0065BFDA /* Build configuration list for PBXNativeTarget "TextScannerTests" */ = {
			isa = XCConfigurationList;
			buildConfigurations = (
				58478CB82E2A1C0A0065BFDA /* Debug */,
				58478CB92E2A1C0A0065BFDA /* Release */,
			);
			defaultConfigurationIsVisible = 0;
			defaultConfigurationName = Release;
		};
		58478CBA2E2A1C0A0065BFDA /* Build configuration list for PBXNativeTarget "TextScannerUITests" */ = {
			isa = XCConfigurationList;
			buildConfigurations = (
				58478CBB2E2A1C0A0065BFDA /* Debug */,
				58478CBC2E2A1C0A0065BFDA /* Release */,
			);
			defaultConfigurationIsVisible = 0;
			defaultConfigurationName = Release;
		};
/* End XCConfigurationList section */
	};
	rootObject = 58478C872E2A1C090065BFDA /* Project object */;
}
